
Microsoft Visual Studio Solution File, Format Version 12.00
# Visual Studio Version 17
VisualStudioVersion = 17.4.33213.308
MinimumVisualStudioVersion = 10.0.40219.1
Project("{9A19103F-16F7-4668-BE54-9A1E7A4F7556}") = "TaskManagement.Web", "TaskManagement.Web\TaskManagement.Web.csproj", "{64A4FFC4-36DA-435C-BEC9-09DC66EBC510}"
EndProject
Project("{9A19103F-16F7-4668-BE54-9A1E7A4F7556}") = "TaskManagement.Data", "TaskManagement.Data\TaskManagement.Data.csproj", "{8CD4196C-19F1-46DC-A508-AD1047613BEB}"
EndProject
Project("{9A19103F-16F7-4668-BE54-9A1E7A4F7556}") = "TaskManagement.Services", "TaskManagement.Services\TaskManagement.Services.csproj", "{14D38584-3288-41F7-B6C4-6488B81BAF9F}"
EndProject
Global
	GlobalSection(SolutionConfigurationPlatforms) = preSolution
		Debug|Any CPU = Debug|Any CPU
		Release|Any CPU = Release|Any CPU
	EndGlobalSection
	GlobalSection(ProjectConfigurationPlatforms) = postSolution
		{64A4FFC4-36DA-435C-BEC9-09DC66EBC510}.Debug|Any CPU.ActiveCfg = Debug|Any CPU
		{64A4FFC4-36DA-435C-BEC9-09DC66EBC510}.Debug|Any CPU.Build.0 = Debug|Any CPU
		{64A4FFC4-36DA-435C-BEC9-09DC66EBC510}.Release|Any CPU.ActiveCfg = Release|Any CPU
		{64A4FFC4-36DA-435C-BEC9-09DC66EBC510}.Release|Any CPU.Build.0 = Release|Any CPU
		{8CD4196C-19F1-46DC-A508-AD1047613BEB}.Debug|Any CPU.ActiveCfg = Debug|Any CPU
		{8CD4196C-19F1-46DC-A508-AD1047613BEB}.Debug|Any CPU.Build.0 = Debug|Any CPU
		{8CD4196C-19F1-46DC-A508-AD1047613BEB}.Release|Any CPU.ActiveCfg = Release|Any CPU
		{8CD4196C-19F1-46DC-A508-AD1047613BEB}.Release|Any CPU.Build.0 = Release|Any CPU
		{14D38584-3288-41F7-B6C4-6488B81BAF9F}.Debug|Any CPU.ActiveCfg = Debug|Any CPU
		{14D38584-3288-41F7-B6C4-6488B81BAF9F}.Debug|Any CPU.Build.0 = Debug|Any CPU
		{14D38584-3288-41F7-B6C4-6488B81BAF9F}.Release|Any CPU.ActiveCfg = Release|Any CPU
		{14D38584-3288-41F7-B6C4-6488B81BAF9F}.Release|Any CPU.Build.0 = Release|Any CPU
	EndGlobalSection
	GlobalSection(SolutionProperties) = preSolution
		HideSolutionNode = FALSE
	EndGlobalSection
	GlobalSection(ExtensibilityGlobals) = postSolution
		SolutionGuid = {D505995D-F582-4EAE-B9C2-5B260F451F72}
	EndGlobalSection
EndGlobal
